
Microsoft Visual Studio Solution File, Format Version 12.00
# Visual Studio Version 17
VisualStudioVersion = 17.11.35303.130
MinimumVisualStudioVersion = 10.0.40219.1
Project("{FAE04EC0-301F-11D3-BF4B-00C04F79EFBC}") = "Lab_2", "Lab_2.csproj", "{94178208-E6A9-4126-B0DA-4A13F070409E}"
EndProject
Global
	GlobalSection(SolutionConfigurationPlatforms) = preSolution
		Debug|Any CPU = Debug|Any CPU
		Release|Any CPU = Release|Any CPU
	EndGlobalSection
	GlobalSection(ProjectConfigurationPlatforms) = postSolution
		{94178208-E6A9-4126-B0DA-4A13F070409E}.Debug|Any CPU.ActiveCfg = Debug|Any CPU
		{94178208-E6A9-4126-B0DA-4A13F070409E}.Debug|Any CPU.Build.0 = Debug|Any CPU
		{94178208-E6A9-4126-B0DA-4A13F070409E}.Release|Any CPU.ActiveCfg = Release|Any CPU
		{94178208-E6A9-4126-B0DA-4A13F070409E}.Release|Any CPU.Build.0 = Release|Any CPU
	EndGlobalSection
	GlobalSection(SolutionProperties) = preSolution
		HideSolutionNode = FALSE
	EndGlobalSection
	GlobalSection(ExtensibilityGlobals) = postSolution
		SolutionGuid = {8B7BF243-0DC3-4811-9CCC-B7D38126E563}
	EndGlobalSection
EndGlobal
